
Microsoft Visual Studio Solution File, Format Version 12.00
# Visual Studio Version 16
VisualStudioVersion = 16.0.30717.126
MinimumVisualStudioVersion = 10.0.40219.1
Project("{FAE04EC0-301F-11D3-BF4B-00C04F79EFBC}") = "StickmanRunner", "StickmanRunner.csproj", "{A8D502DA-1C1C-40B4-8219-1342195893C9}"
EndProject
Global
	GlobalSection(SolutionConfigurationPlatforms) = preSolution
		Debug|Any CPU = Debug|Any CPU
		Release|Any CPU = Release|Any CPU
	EndGlobalSection
	GlobalSection(ProjectConfigurationPlatforms) = postSolution
		{A8D502DA-1C1C-40B4-8219-1342195893C9}.Debug|Any CPU.ActiveCfg = Debug|Any CPU
		{A8D502DA-1C1C-40B4-8219-1342195893C9}.Debug|Any CPU.Build.0 = Debug|Any CPU
		{A8D502DA-1C1C-40B4-8219-1342195893C9}.Release|Any CPU.ActiveCfg = Release|Any CPU
		{A8D502DA-1C1C-40B4-8219-1342195893C9}.Release|Any CPU.Build.0 = Release|Any CPU
	EndGlobalSection
	GlobalSection(SolutionProperties) = preSolution
		HideSolutionNode = FALSE
	EndGlobalSection
	GlobalSection(ExtensibilityGlobals) = postSolution
		SolutionGuid = {39ACBE07-B510-47AF-A627-D991BF9F9F16}
	EndGlobalSection
EndGlobal
